github.com/golang/glog v1.1.0 h1:/d3pCKDPWNnvIWe0vVUpNP32qc8U3PDVxySP/y360qE=
github.com/golang/glog v1.1.0/go.mod h1:pfYeQZ3JWZoXTV5sFc986z3HTpwQs9At6P4ImfuP3NQ=
github.com/golang/protobuf v1.1.0 h1:0iH4Ffd/meGoXqF2lSAhZHt8X+cPgkfn/cb6Cce5Vpc=
github.com/golang/protobuf v1.1.0/go.mod h1:6lQm79b+lXiMfvg/cZm0SGofjICqVBUtrP5yJMmIC1U=
github.com/kr/pretty v0.2.1 h1:Fmg33tUaq4/8ym9TJN1x7sLJnHVwhP33CNkpYV/7rwI=
github.com/kr/pretty v0.2.1/go.mod h1:ipq/a2n7PKx3OHsz4KJII5eveXtPO4qwEXGdVfWzfnI=
github.com/kr/pty v1.1.1/go.mod h1:pFQYn66WHrOpPYNljwOMqo10TkYh1fy3cYio2l3bCsQ=
github.com/kr/text v0.1.0 h1:45sCR5RtlFHMR4UwH9sdQ5TC8v0qDQCHnXt+kaKSTVE=
github.com/kr/text v0.1.0/go.mod h1:4Jbv+DJW3UT/LiOwJeYQe1efqtUx/iVham/4vfdArNI=
github.com/monkeydioude/go.uuid v2.0.0+incompatible h1:bolw0JrmKdzj2JmumbtZka0xZNanbUgxGLCzdH4mc2s=
github.com/monkeydioude/go.uuid v2.0.0+incompatible/go.mod h1:FRBEszv2uGn/Xr5vJLu4YMfHEsyRMxKOev9uktjvKlA=
github.com/monkeydioude/moon v0.0.0-20180803115213-cb4529e3ff43 h1:WWrQxttfNh7943m3lmoiBetHaQc5iM8TTLTSDCYYHWg=
github.com/monkeydioude/moon v0.0.0-20180803115213-cb4529e3ff43/go.mod h1:G7gnduc5Ie86A5BPi/WWY48e3pZDiJwSJLWdozrL3tM=
github.com/monkeydioude/schampionne v0.0.0-20180928140440-208c7e108111 h1:lECq6/s1UU/7U2RHMUfwHVLzVGHNblGlwZfjYN5B91E=
github.com/monkeydioude/schampionne v0.0.0-20180928140440-208c7e108111/go.mod h1:thNChMK7wVumCSzue03R7kx7eCwVpiBs3PdeTwnm5Y4=
github.com/monkeydioude/tools v0.0.0-20180814111526-38d30a856958 h1:3oUMlW1Fddrwe9qszheAPYCi4jPumMis/UQqGlbvHDs=
github.com/monkeydioude/tools v0.0.0-20180814111526-38d30a856958/go.mod h1:1pPrNH+C35FDUBJ0WBTFSsX6z/m9BElOVL7zvs4Ld+k=
golang.org/x/net v0.7.0 h1:rJrUqqhjsgNp7KqAIc25s9pZnjU7TUcSY7HcVZjdn1g=
golang.org/x/net v0.7.0/go.mod h1:2Tu9+aMcznHK/AK1HMvgo6xiTLG5rD5rZLDS+rp2Bjs=
golang.org/x/sync v0.1.0 h1:wsuoTGHzEhffawBOhz5CYhcrV4IdKZbEyZjBMuTp12o=
golang.org/x/sync v0.1.0/go.mod h1:RxMgew5VJxzue5/jJTE5uejpjVlOe/izrB70Jof72aM=
golang.org/x/text v0.7.0 h1:4BRB4x83lYWy72KwLD/qYDuTu7q9PjSagHvijDw7cLo=
golang.org/x/text v0.7.0/go.mod h1:mrYo+phRRbMaCq/xk9113O4dZlRixOauAjOtrjsXDZ8=
google.golang.org/genproto v0.0.0-20180621235812-80063a038e33 h1:ECqAoHgIeu1vSTee2QoM8moQG9eBjUg+L8lKrgKC4Ig=
google.golang.org/genproto v0.0.0-20180621235812-80063a038e33/go.mod h1:JiN7NxoALGmiZfu7CAH4rXhgtRTLTxftemlI0sWmxmc=
google.golang.org/grpc v1.13.0 h1:bHIbVsCwmvbArgCJmLdgOdHFXlKqTOVjbibbS19cXHc=
google.golang.org/grpc v1.13.0/go.mod h1:yo6s7OP7yaDglbqo1J04qKzAhqBH6lvTonzMVmEdcZw=
gopkg.in/check.v1 v1.0.0-20201130134442-10cb98267c6c h1:Hei/4ADfdWqJk1ZMxUNpqntNwaWcugrBjAiHlqqRiVk=
gopkg.in/check.v1 v1.0.0-20201130134442-10cb98267c6c/go.mod h1:JHkPIbrfpd72SG/EVd6muEfDQjcINNoR0C8j2r3qZ4Q=
